
Microsoft Visual Studio Solution File, Format Version 12.00
# Visual Studio Version 16
VisualStudioVersion = 16.0.30523.141
MinimumVisualStudioVersion = 10.0.40219.1
Project("{FAE04EC0-301F-11D3-BF4B-00C04F79EFBC}") = "HW_BD", "HW_BD\HW_BD.csproj", "{50CF9CF0-A9F4-41FC-A61E-2992AB4D25E8}"
EndProject
Global
	GlobalSection(SolutionConfigurationPlatforms) = preSolution
		Debug|Any CPU = Debug|Any CPU
		Release|Any CPU = Release|Any CPU
	EndGlobalSection
	GlobalSection(ProjectConfigurationPlatforms) = postSolution
		{50CF9CF0-A9F4-41FC-A61E-2992AB4D25E8}.Debug|Any CPU.ActiveCfg = Debug|Any CPU
		{50CF9CF0-A9F4-41FC-A61E-2992AB4D25E8}.Debug|Any CPU.Build.0 = Debug|Any CPU
		{50CF9CF0-A9F4-41FC-A61E-2992AB4D25E8}.Release|Any CPU.ActiveCfg = Release|Any CPU
		{50CF9CF0-A9F4-41FC-A61E-2992AB4D25E8}.Release|Any CPU.Build.0 = Release|Any CPU
	EndGlobalSection
	GlobalSection(SolutionProperties) = preSolution
		HideSolutionNode = FALSE
	EndGlobalSection
	GlobalSection(ExtensibilityGlobals) = postSolution
		SolutionGuid = {AC2F3834-6600-4DB7-9056-6690427E2F34}
	EndGlobalSection
EndGlobal
